// !$*UTF8*$!
{
	archiveVersion = 1;
	classes = {
	};
	objectVersion = 46;
	objects = {

/* Begin PBXBuildFile section */
		1D4A0D361A6DC03C0057C68B /* AppDelegate.swift in Sources */ = {isa = PBXBuildFile; fileRef = 1D4A0D351A6DC03C0057C68B /* AppDelegate.swift */; };
		1D4A0D3B1A6DC03C0057C68B /* Main.storyboard in Resources */ = {isa = PBXBuildFile; fileRef = 1D4A0D391A6DC03C0057C68B /* Main.storyboard */; };
		1D4A0D3D1A6DC03C0057C68B /* Images.xcassets in Resources */ = {isa = PBXBuildFile; fileRef = 1D4A0D3C1A6DC03C0057C68B /* Images.xcassets */; };
		1D4A0D401A6DC03C0057C68B /* LaunchScreen.xib in Resources */ = {isa = PBXBuildFile; fileRef = 1D4A0D3E1A6DC03C0057C68B /* LaunchScreen.xib */; };
		1D4A0D4C1A6DC03C0057C68B /* GithubClientTests.swift in Sources */ = {isa = PBXBuildFile; fileRef = 1D4A0D4B1A6DC03C0057C68B /* GithubClientTests.swift */; };
		1D4A0D591A6DC1A80057C68B /* Repository.swift in Sources */ = {isa = PBXBuildFile; fileRef = 1D4A0D581A6DC1A80057C68B /* Repository.swift */; };
		1D4A0D5B1A6DC5650057C68B /* SearchRepositoryViewController.swift in Sources */ = {isa = PBXBuildFile; fileRef = 1D4A0D5A1A6DC5650057C68B /* SearchRepositoryViewController.swift */; };
		1D4A0D5D1A6DC5A20057C68B /* NetworkController.swift in Sources */ = {isa = PBXBuildFile; fileRef = 1D4A0D5C1A6DC5A20057C68B /* NetworkController.swift */; };
		1D4A0D5F1A6DCBCA0057C68B /* MenuViewController.swift in Sources */ = {isa = PBXBuildFile; fileRef = 1D4A0D5E1A6DCBCA0057C68B /* MenuViewController.swift */; };
		1D4A0D611A6DD74D0057C68B /* User.swift in Sources */ = {isa = PBXBuildFile; fileRef = 1D4A0D601A6DD74D0057C68B /* User.swift */; };
		1D9C55CF1A6EFACA000CBA0D /* RepositoryCell.swift in Sources */ = {isa = PBXBuildFile; fileRef = 1D9C55CE1A6EFACA000CBA0D /* RepositoryCell.swift */; };
		1D9C55D11A6F0A72000CBA0D /* SearchUserViewController.swift in Sources */ = {isa = PBXBuildFile; fileRef = 1D9C55D01A6F0A72000CBA0D /* SearchUserViewController.swift */; };
		1D9C55D31A6F0ECD000CBA0D /* UserCell.swift in Sources */ = {isa = PBXBuildFile; fileRef = 1D9C55D21A6F0ECD000CBA0D /* UserCell.swift */; };
		1D9C55D51A6F1B73000CBA0D /* UserDetailViewController.swift in Sources */ = {isa = PBXBuildFile; fileRef = 1D9C55D41A6F1B73000CBA0D /* UserDetailViewController.swift */; };
		1D9C55D71A7046A9000CBA0D /* ToUserDetailAnimationController.swift in Sources */ = {isa = PBXBuildFile; fileRef = 1D9C55D61A7046A9000CBA0D /* ToUserDetailAnimationController.swift */; };
/* End PBXBuildFile section */

/* Begin PBXContainerItemProxy section */
		1D4A0D461A6DC03C0057C68B /* PBXContainerItemProxy */ = {
			isa = PBXContainerItemProxy;
			containerPortal = 1D4A0D281A6DC03C0057C68B /* Project object */;
			proxyType = 1;
			remoteGlobalIDString = 1D4A0D2F1A6DC03C0057C68B;
			remoteInfo = GithubClient;
		};
/* End PBXContainerItemProxy section */

/* Begin PBXFileReference section */
		1D4A0D301A6DC03C0057C68B /* GithubClient.app */ = {isa = PBXFileReference; explicitFileType = wrapper.application; includeInIndex = 0; path = GithubClient.app; sourceTree = BUILT_PRODUCTS_DIR; };
		1D4A0D341A6DC03C0057C68B /* Info.plist */ = {isa = PBXFileReference; lastKnownFileType = text.plist.xml; path = Info.plist; sourceTree = "<group>"; };
		1D4A0D351A6DC03C0057C68B /* AppDelegate.swift */ = {isa = PBXFileReference; lastKnownFileType = sourcecode.swift; path = AppDelegate.swift; sourceTree = "<group>"; };
		1D4A0D3A1A6DC03C0057C68B /* Base */ = {isa = PBXFileReference; lastKnownFileType = file.storyboard; name = Base; path = Base.lproj/Main.storyboard; sourceTree = "<group>"; };
		1D4A0D3C1A6DC03C0057C68B /* Images.xcassets */ = {isa = PBXFileReference; lastKnownFileType = folder.assetcatalog; path = Images.xcassets; sourceTree = "<group>"; };
		1D4A0D3F1A6DC03C0057C68B /* Base */ = {isa = PBXFileReference; lastKnownFileType = file.xib; name = Base; path = Base.lproj/LaunchScreen.xib; sourceTree = "<group>"; };
		1D4A0D451A6DC03C0057C68B /* GithubClientTests.xctest */ = {isa = PBXFileReference; explicitFileType = wrapper.cfbundle; includeInIndex = 0; path = GithubClientTests.xctest; sourceTree = BUILT_PRODUCTS_DIR; };
		1D4A0D4A1A6DC03C0057C68B /* Info.plist */ = {isa = PBXFileReference; lastKnownFileType = text.plist.xml; path = Info.plist; sourceTree = "<group>"; };
		1D4A0D4B1A6DC03C0057C68B /* GithubClientTests.swift */ = {isa = PBXFileReference; lastKnownFileType = sourcecode.swift; path = GithubClientTests.swift; sourceTree = "<group>"; };
		1D4A0D581A6DC1A80057C68B /* Repository.swift */ = {isa = PBXFileReference; fileEncoding = 4; lastKnownFileType = sourcecode.swift; path = Repository.swift; sourceTree = "<group>"; };
		1D4A0D5A1A6DC5650057C68B /* SearchRepositoryViewController.swift */ = {isa = PBXFileReference; fileEncoding = 4; lastKnownFileType = sourcecode.swift; path = SearchRepositoryViewController.swift; sourceTree = "<group>"; };
		1D4A0D5C1A6DC5A20057C68B /* NetworkController.swift */ = {isa = PBXFileReference; fileEncoding = 4; lastKnownFileType = sourcecode.swift; path = NetworkController.swift; sourceTree = "<group>"; };
		1D4A0D5E1A6DCBCA0057C68B /* MenuViewController.swift */ = {isa = PBXFileReference; fileEncoding = 4; lastKnownFileType = sourcecode.swift; path = MenuViewController.swift; sourceTree = "<group>"; };
		1D4A0D601A6DD74D0057C68B /* User.swift */ = {isa = PBXFileReference; fileEncoding = 4; lastKnownFileType = sourcecode.swift; path = User.swift; sourceTree = "<group>"; };
		1D9C55CE1A6EFACA000CBA0D /* RepositoryCell.swift */ = {isa = PBXFileReference; fileEncoding = 4; lastKnownFileType = sourcecode.swift; path = RepositoryCell.swift; sourceTree = "<group>"; };
		1D9C55D01A6F0A72000CBA0D /* SearchUserViewController.swift */ = {isa = PBXFileReference; fileEncoding = 4; lastKnownFileType = sourcecode.swift; path = SearchUserViewController.swift; sourceTree = "<group>"; };
		1D9C55D21A6F0ECD000CBA0D /* UserCell.swift */ = {isa = PBXFileReference; fileEncoding = 4; lastKnownFileType = sourcecode.swift; path = UserCell.swift; sourceTree = "<group>"; };
		1D9C55D41A6F1B73000CBA0D /* UserDetailViewController.swift */ = {isa = PBXFileReference; fileEncoding = 4; lastKnownFileType = sourcecode.swift; path = UserDetailViewController.swift; sourceTree = "<group>"; };
		1D9C55D61A7046A9000CBA0D /* ToUserDetailAnimationController.swift */ = {isa = PBXFileReference; fileEncoding = 4; lastKnownFileType = sourcecode.swift; path = ToUserDetailAnimationController.swift; sourceTree = "<group>"; };
/* End PBXFileReference section */

/* Begin PBXFrameworksBuildPhase section */
		1D4A0D2D1A6DC03C0057C68B /* Frameworks */ = {
			isa = PBXFrameworksBuildPhase;
			buildActionMask = 2147483647;
			files = (
			);
			runOnlyForDeploymentPostprocessing = 0;
		};
		1D4A0D421A6DC03C0057C68B /* Frameworks */ = {
			isa = PBXFrameworksBuildPhase;
			buildActionMask = 2147483647;
			files = (
			);
			runOnlyForDeploymentPostprocessing = 0;
		};
/* End PBXFrameworksBuildPhase section */

/* Begin PBXGroup section */
		1D4A0D271A6DC03C0057C68B = {
			isa = PBXGroup;
			children = (
				1D4A0D321A6DC03C0057C68B /* GithubClient */,
				1D4A0D481A6DC03C0057C68B /* GithubClientTests */,
				1D4A0D311A6DC03C0057C68B /* Products */,
			);
			sourceTree = "<group>";
		};
		1D4A0D311A6DC03C0057C68B /* Products */ = {
			isa = PBXGroup;
			children = (
				1D4A0D301A6DC03C0057C68B /* GithubClient.app */,
				1D4A0D451A6DC03C0057C68B /* GithubClientTests.xctest */,
			);
			name = Products;
			sourceTree = "<group>";
		};
		1D4A0D321A6DC03C0057C68B /* GithubClient */ = {
			isa = PBXGroup;
			children = (
				1D4A0D571A6DC05A0057C68B /* Controller */,
				1D4A0D561A6DC0530057C68B /* View */,
				1D4A0D551A6DC0480057C68B /* Model */,
				1D4A0D351A6DC03C0057C68B /* AppDelegate.swift */,
				1D4A0D3C1A6DC03C0057C68B /* Images.xcassets */,
				1D4A0D3E1A6DC03C0057C68B /* LaunchScreen.xib */,
				1D4A0D331A6DC03C0057C68B /* Supporting Files */,
			);
			path = GithubClient;
			sourceTree = "<group>";
		};
		1D4A0D331A6DC03C0057C68B /* Supporting Files */ = {
			isa = PBXGroup;
			children = (
				1D4A0D341A6DC03C0057C68B /* Info.plist */,
			);
			name = "Supporting Files";
			sourceTree = "<group>";
		};
		1D4A0D481A6DC03C0057C68B /* GithubClientTests */ = {
			isa = PBXGroup;
			children = (
				1D4A0D4B1A6DC03C0057C68B /* GithubClientTests.swift */,
				1D4A0D491A6DC03C0057C68B /* Supporting Files */,
			);
			path = GithubClientTests;
			sourceTree = "<group>";
		};
		1D4A0D491A6DC03C0057C68B /* Supporting Files */ = {
			isa = PBXGroup;
			children = (
				1D4A0D4A1A6DC03C0057C68B /* Info.plist */,
			);
			name = "Supporting Files";
			sourceTree = "<group>";
		};
		1D4A0D551A6DC0480057C68B /* Model */ = {
			isa = PBXGroup;
			children = (
				1D4A0D581A6DC1A80057C68B /* Repository.swift */,
				1D4A0D601A6DD74D0057C68B /* User.swift */,
			);
			name = Model;
			sourceTree = "<group>";
		};
		1D4A0D561A6DC0530057C68B /* View */ = {
			isa = PBXGroup;
			children = (
				1D4A0D391A6DC03C0057C68B /* Main.storyboard */,
				1D9C55CE1A6EFACA000CBA0D /* RepositoryCell.swift */,
				1D9C55D21A6F0ECD000CBA0D /* UserCell.swift */,
			);
			name = View;
			sourceTree = "<group>";
		};
		1D4A0D571A6DC05A0057C68B /* Controller */ = {
			isa = PBXGroup;
			children = (
				1D4A0D5A1A6DC5650057C68B /* SearchRepositoryViewController.swift */,
				1D4A0D5C1A6DC5A20057C68B /* NetworkController.swift */,
				1D4A0D5E1A6DCBCA0057C68B /* MenuViewController.swift */,
				1D9C55D01A6F0A72000CBA0D /* SearchUserViewController.swift */,
				1D9C55D41A6F1B73000CBA0D /* UserDetailViewController.swift */,
				1D9C55D61A7046A9000CBA0D /* ToUserDetailAnimationController.swift */,
			);
			name = Controller;
			sourceTree = "<group>";
		};
/* End PBXGroup section */

/* Begin PBXNativeTarget section */
		1D4A0D2F1A6DC03C0057C68B /* GithubClient */ = {
			isa = PBXNativeTarget;
			buildConfigurationList = 1D4A0D4F1A6DC03C0057C68B /* Build configuration list for PBXNativeTarget "GithubClient" */;
			buildPhases = (
				1D4A0D2C1A6DC03C0057C68B /* Sources */,
				1D4A0D2D1A6DC03C0057C68B /* Frameworks */,
				1D4A0D2E1A6DC03C0057C68B /* Resources */,
			);
			buildRules = (
			);
			dependencies = (
			);
			name = GithubClient;
			productName = GithubClient;
			productReference = 1D4A0D301A6DC03C0057C68B /* GithubClient.app */;
			productType = "com.apple.product-type.application";
		};
		1D4A0D441A6DC03C0057C68B /* GithubClientTests */ = {
			isa = PBXNativeTarget;
			buildConfigurationList = 1D4A0D521A6DC03C0057C68B /* Build configuration list for PBXNativeTarget "GithubClientTests" */;
			buildPhases = (
				1D4A0D411A6DC03C0057C68B /* Sources */,
				1D4A0D421A6DC03C0057C68B /* Frameworks */,
				1D4A0D431A6DC03C0057C68B /* Resources */,
			);
			buildRules = (
			);
			dependencies = (
				1D4A0D471A6DC03C0057C68B /* PBXTargetDependency */,
			);
			name = GithubClientTests;
			productName = GithubClientTests;
			productReference = 1D4A0D451A6DC03C0057C68B /* GithubClientTests.xctest */;
			productType = "com.apple.product-type.bundle.unit-test";
		};
/* End PBXNativeTarget section */

/* Begin PBXProject section */
		1D4A0D281A6DC03C0057C68B /* Project object */ = {
			isa = PBXProject;
			attributes = {
				LastUpgradeCheck = 0610;
				ORGANIZATIONNAME = "Pho Diep";
				TargetAttributes = {
					1D4A0D2F1A6DC03C0057C68B = {
						CreatedOnToolsVersion = 6.1.1;
					};
					1D4A0D441A6DC03C0057C68B = {
						CreatedOnToolsVersion = 6.1.1;
						TestTargetID = 1D4A0D2F1A6DC03C0057C68B;
					};
				};
			};
			buildConfigurationList = 1D4A0D2B1A6DC03C0057C68B /* Build configuration list for PBXProject "GithubClient" */;
			compatibilityVersion = "Xcode 3.2";
			developmentRegion = English;
			hasScannedForEncodings = 0;
			knownRegions = (
				en,
				Base,
			);
			mainGroup = 1D4A0D271A6DC03C0057C68B;
			productRefGroup = 1D4A0D311A6DC03C0057C68B /* Products */;
			projectDirPath = "";
			projectRoot = "";
			targets = (
				1D4A0D2F1A6DC03C0057C68B /* GithubClient */,
				1D4A0D441A6DC03C0057C68B /* GithubClientTests */,
			);
		};
/* End PBXProject section */

/* Begin PBXResourcesBuildPhase section */
		1D4A0D2E1A6DC03C0057C68B /* Resources */ = {
			isa = PBXResourcesBuildPhase;
			buildActionMask = 2147483647;
			files = (
				1D4A0D3B1A6DC03C0057C68B /* Main.storyboard in Resources */,
				1D4A0D401A6DC03C0057C68B /* LaunchScreen.xib in Resources */,
				1D4A0D3D1A6DC03C0057C68B /* Images.xcassets in Resources */,
			);
			runOnlyForDeploymentPostprocessing = 0;
		};
		1D4A0D431A6DC03C0057C68B /* Resources */ = {
			isa = PBXResourcesBuildPhase;
			buildActionMask = 2147483647;
			files = (
			);
			runOnlyForDeploymentPostprocessing = 0;
		};
/* End PBXResourcesBuildPhase section */

/* Begin PBXSourcesBuildPhase section */
		1D4A0D2C1A6DC03C0057C68B /* Sources */ = {
			isa = PBXSourcesBuildPhase;
			buildActionMask = 2147483647;
			files = (
				1D4A0D5D1A6DC5A20057C68B /* NetworkController.swift in Sources */,
				1D9C55CF1A6EFACA000CBA0D /* RepositoryCell.swift in Sources */,
				1D4A0D5F1A6DCBCA0057C68B /* MenuViewController.swift in Sources */,
				1D4A0D611A6DD74D0057C68B /* User.swift in Sources */,
				1D4A0D5B1A6DC5650057C68B /* SearchRepositoryViewController.swift in Sources */,
				1D9C55D31A6F0ECD000CBA0D /* UserCell.swift in Sources */,
				1D9C55D51A6F1B73000CBA0D /* UserDetailViewController.swift in Sources */,
				1D9C55D11A6F0A72000CBA0D /* SearchUserViewController.swift in Sources */,
				1D4A0D591A6DC1A80057C68B /* Repository.swift in Sources */,
				1D4A0D361A6DC03C0057C68B /* AppDelegate.swift in Sources */,
				1D9C55D71A7046A9000CBA0D /* ToUserDetailAnimationController.swift in Sources */,
			);
			runOnlyForDeploymentPostprocessing = 0;
		};
		1D4A0D411A6DC03C0057C68B /* Sources */ = {
			isa = PBXSourcesBuildPhase;
			buildActionMask = 2147483647;
			files = (
				1D4A0D4C1A6DC03C0057C68B /* GithubClientTests.swift in Sources */,
			);
			runOnlyForDeploymentPostprocessing = 0;
		};
/* End PBXSourcesBuildPhase section */

/* Begin PBXTargetDependency section */
		1D4A0D471A6DC03C0057C68B /* PBXTargetDependency */ = {
			isa = PBXTargetDependency;
			target = 1D4A0D2F1A6DC03C0057C68B /* GithubClient */;
			targetProxy = 1D4A0D461A6DC03C0057C68B /* PBXContainerItemProxy */;
		};
/* End PBXTargetDependency section */

/* Begin PBXVariantGroup section */
		1D4A0D391A6DC03C0057C68B /* Main.storyboard */ = {
			isa = PBXVariantGroup;
			children = (
				1D4A0D3A1A6DC03C0057C68B /* Base */,
			);
			name = Main.storyboard;
			sourceTree = "<group>";
		};
		1D4A0D3E1A6DC03C0057C68B /* LaunchScreen.xib */ = {
			isa = PBXVariantGroup;
			children = (
				1D4A0D3F1A6DC03C0057C68B /* Base */,
			);
			name = LaunchScreen.xib;
			sourceTree = "<group>";
		};
/* End PBXVariantGroup section */

/* Begin XCBuildConfiguration section */
		1D4A0D4D1A6DC03C0057C68B /* Debug */ = {
			isa = XCBuildConfiguration;
			buildSettings = {
				ALWAYS_SEARCH_USER_PATHS = NO;
				CLANG_CXX_LANGUAGE_STANDARD = "gnu++0x";
				CLANG_CXX_LIBRARY = "libc++";
				CLANG_ENABLE_MODULES = YES;
				CLANG_ENABLE_OBJC_ARC = YES;
				CLANG_WARN_BOOL_CONVERSION = YES;
				CLANG_WARN_CONSTANT_CONVERSION = YES;
				CLANG_WARN_DIRECT_OBJC_ISA_USAGE = YES_ERROR;
				CLANG_WARN_EMPTY_BODY = YES;
				CLANG_WARN_ENUM_CONVERSION = YES;
				CLANG_WARN_INT_CONVERSION = YES;
				CLANG_WARN_OBJC_ROOT_CLASS = YES_ERROR;
				CLANG_WARN_UNREACHABLE_CODE = YES;
				CLANG_WARN__DUPLICATE_METHOD_MATCH = YES;
				"CODE_SIGN_IDENTITY[sdk=iphoneos*]" = "iPhone Developer";
				COPY_PHASE_STRIP = NO;
				ENABLE_STRICT_OBJC_MSGSEND = YES;
				GCC_C_LANGUAGE_STANDARD = gnu99;
				GCC_DYNAMIC_NO_PIC = NO;
				GCC_OPTIMIZATION_LEVEL = 0;
				GCC_PREPROCESSOR_DEFINITIONS = (
					"DEBUG=1",
					"$(inherited)",
				);
				GCC_SYMBOLS_PRIVATE_EXTERN = NO;
				GCC_WARN_64_TO_32_BIT_CONVERSION = YES;
				GCC_WARN_ABOUT_RETURN_TYPE = YES_ERROR;
				GCC_WARN_UNDECLARED_SELECTOR = YES;
				GCC_WARN_UNINITIALIZED_AUTOS = YES_AGGRESSIVE;
				GCC_WARN_UNUSED_FUNCTION = YES;
				GCC_WARN_UNUSED_VARIABLE = YES;
				IPHONEOS_DEPLOYMENT_TARGET = 8.1;
				MTL_ENABLE_DEBUG_INFO = YES;
				ONLY_ACTIVE_ARCH = YES;
				SDKROOT = iphoneos;
				SWIFT_OPTIMIZATION_LEVEL = "-Onone";
			};
			name = Debug;
		};
		1D4A0D4E1A6DC03C0057C68B /* Release */ = {
			isa = XCBuildConfiguration;
			buildSettings = {
				ALWAYS_SEARCH_USER_PATHS = NO;
				CLANG_CXX_LANGUAGE_STANDARD = "gnu++0x";
				CLANG_CXX_LIBRARY = "libc++";
				CLANG_ENABLE_MODULES = YES;
				CLANG_ENABLE_OBJC_ARC = YES;
				CLANG_WARN_BOOL_CONVERSION = YES;
				CLANG_WARN_CONSTANT_CONVERSION = YES;
				CLANG_WARN_DIRECT_OBJC_ISA_USAGE = YES_ERROR;
				CLANG_WARN_EMPTY_BODY = YES;
				CLANG_WARN_ENUM_CONVERSION = YES;
				CLANG_WARN_INT_CONVERSION = YES;
				CLANG_WARN_OBJC_ROOT_CLASS = YES_ERROR;
				CLANG_WARN_UNREACHABLE_CODE = YES;
				CLANG_WARN__DUPLICATE_METHOD_MATCH = YES;
				"CODE_SIGN_IDENTITY[sdk=iphoneos*]" = "iPhone Developer";
				COPY_PHASE_STRIP = YES;
				ENABLE_NS_ASSERTIONS = NO;
				ENABLE_STRICT_OBJC_MSGSEND = YES;
				GCC_C_LANGUAGE_STANDARD = gnu99;
				GCC_WARN_64_TO_32_BIT_CONVERSION = YES;
				GCC_WARN_ABOUT_RETURN_TYPE = YES_ERROR;
				GCC_WARN_UNDECLARED_SELECTOR = YES;
				GCC_WARN_UNINITIALIZED_AUTOS = YES_AGGRESSIVE;
				GCC_WARN_UNUSED_FUNCTION = YES;
				GCC_WARN_UNUSED_VARIABLE = YES;
				IPHONEOS_DEPLOYMENT_TARGET = 8.1;
				MTL_ENABLE_DEBUG_INFO = NO;
				SDKROOT = iphoneos;
				VALIDATE_PRODUCT = YES;
			};
			name = Release;
		};
		1D4A0D501A6DC03C0057C68B /* Debug */ = {
			isa = XCBuildConfiguration;
			buildSettings = {
				ASSETCATALOG_COMPILER_APPICON_NAME = AppIcon;
				INFOPLIST_FILE = GithubClient/Info.plist;
				LD_RUNPATH_SEARCH_PATHS = "$(inherited) @executable_path/Frameworks";
				PRODUCT_NAME = "$(TARGET_NAME)";
				TARGETED_DEVICE_FAMILY = "1,2";
			};
			name = Debug;
		};
		1D4A0D511A6DC03C0057C68B /* Release */ = {
			isa = XCBuildConfiguration;
			buildSettings = {
				ASSETCATALOG_COMPILER_APPICON_NAME = AppIcon;
				INFOPLIST_FILE = GithubClient/Info.plist;
				LD_RUNPATH_SEARCH_PATHS = "$(inherited) @executable_path/Frameworks";
				PRODUCT_NAME = "$(TARGET_NAME)";
				TARGETED_DEVICE_FAMILY = "1,2";
			};
			name = Release;
		};
		1D4A0D531A6DC03C0057C68B /* Debug */ = {
			isa = XCBuildConfiguration;
			buildSettings = {
				BUNDLE_LOADER = "$(TEST_HOST)";
				FRAMEWORK_SEARCH_PATHS = (
					"$(SDKROOT)/Developer/Library/Frameworks",
					"$(inherited)",
				);
				GCC_PREPROCESSOR_DEFINITIONS = (
					"DEBUG=1",
					"$(inherited)",
				);
				INFOPLIST_FILE = GithubClientTests/Info.plist;
				LD_RUNPATH_SEARCH_PATHS = "$(inherited) @executable_path/Frameworks @loader_path/Frameworks";
				PRODUCT_NAME = "$(TARGET_NAME)";
				TEST_HOST = "$(BUILT_PRODUCTS_DIR)/GithubClient.app/GithubClient";
			};
			name = Debug;
		};
		1D4A0D541A6DC03C0057C68B /* Release */ = {
			isa = XCBuildConfiguration;
			buildSettings = {
				BUNDLE_LOADER = "$(TEST_HOST)";
				FRAMEWORK_SEARCH_PATHS = (
					"$(SDKROOT)/Developer/Library/Frameworks",
					"$(inherited)",
				);
				INFOPLIST_FILE = GithubClientTests/Info.plist;
				LD_RUNPATH_SEARCH_PATHS = "$(inherited) @executable_path/Frameworks @loader_path/Frameworks";
				PRODUCT_NAME = "$(TARGET_NAME)";
				TEST_HOST = "$(BUILT_PRODUCTS_DIR)/GithubClient.app/GithubClient";
			};
			name = Release;
		};
/* End XCBuildConfiguration section */

/* Begin XCConfigurationList section */
		1D4A0D2B1A6DC03C0057C68B /* Build configuration list for PBXProject "GithubClient" */ = {
			isa = XCConfigurationList;
			buildConfigurations = (
				1D4A0D4D1A6DC03C0057C68B /* Debug */,
				1D4A0D4E1A6DC03C0057C68B /* Release */,
			);
			defaultConfigurationIsVisible = 0;
			defaultConfigurationName = Release;
		};
		1D4A0D4F1A6DC03C0057C68B /* Build configuration list for PBXNativeTarget "GithubClient" */ = {
			isa = XCConfigurationList;
			buildConfigurations = (
				1D4A0D501A6DC03C0057C68B /* Debug */,
				1D4A0D511A6DC03C0057C68B /* Release */,
			);
			defaultConfigurationIsVisible = 0;
			defaultConfigurationName = Release;
		};
		1D4A0D521A6DC03C0057C68B /* Build configuration list for PBXNativeTarget "GithubClientTests" */ = {
			isa = XCConfigurationList;
			buildConfigurations = (
				1D4A0D531A6DC03C0057C68B /* Debug */,
				1D4A0D541A6DC03C0057C68B /* Release */,
			);
			defaultConfigurationIsVisible = 0;
			defaultConfigurationName = Release;
		};
/* End XCConfigurationList section */
	};
	rootObject = 1D4A0D281A6DC03C0057C68B /* Project object */;
}
